
Microsoft Visual Studio Solution File, Format Version 11.00
# Visual Studio 2010
Project("{F184B08F-C81C-45F6-A57F-5ABD9991F28F}") = "Project Parkir", "Project Parkir\Project Parkir.vbproj", "{CDD3888F-58B3-474D-B807-ECCCC0D53FA7}"
EndProject
Global
	GlobalSection(SolutionConfigurationPlatforms) = preSolution
		Debug|x86 = Debug|x86
		Release|x86 = Release|x86
	EndGlobalSection
	GlobalSection(ProjectConfigurationPlatforms) = postSolution
		{CDD3888F-58B3-474D-B807-ECCCC0D53FA7}.Debug|x86.ActiveCfg = Debug|x86
		{CDD3888F-58B3-474D-B807-ECCCC0D53FA7}.Debug|x86.Build.0 = Debug|x86
		{CDD3888F-58B3-474D-B807-ECCCC0D53FA7}.Release|x86.ActiveCfg = Release|x86
		{CDD3888F-58B3-474D-B807-ECCCC0D53FA7}.Release|x86.Build.0 = Release|x86
	EndGlobalSection
	GlobalSection(SolutionProperties) = preSolution
		HideSolutionNode = FALSE
	EndGlobalSection
EndGlobal
